// !$*UTF8*$!
{
	archiveVersion = 1;
	classes = {
	};
	objectVersion = 48;
	objects = {

/* Begin PBXBuildFile section */
		106AD408DAE66AEB852F5084 /* libPods-Popular Movies.a in Frameworks */ = {isa = PBXBuildFile; fileRef = A35B5D86BAF6CD519441838D /* libPods-Popular Movies.a */; };
		52188B7C1F83F5C300428F1E /* RssFeedTableViewController.m in Sources */ = {isa = PBXBuildFile; fileRef = 52188B7B1F83F5C300428F1E /* RssFeedTableViewController.m */; };
		526331181F83D402004769AD /* Movie.m in Sources */ = {isa = PBXBuildFile; fileRef = 526331171F83D402004769AD /* Movie.m */; };
		5263311B1F83D411004769AD /* News.m in Sources */ = {isa = PBXBuildFile; fileRef = 5263311A1F83D411004769AD /* News.m */; };
		5263311E1F83D421004769AD /* TVShow.m in Sources */ = {isa = PBXBuildFile; fileRef = 5263311D1F83D421004769AD /* TVShow.m */; };
		526F1E011F9CD205007D845D /* libISO8601DateFormatterValueTransformer.a in Frameworks */ = {isa = PBXBuildFile; fileRef = 526F1E061F9CD205007D845D /* libISO8601DateFormatterValueTransformer.a */; };
		526F1E021F9CD205007D845D /* libRestKit.a in Frameworks */ = {isa = PBXBuildFile; fileRef = 526F1E071F9CD205007D845D /* libRestKit.a */; };
		526F1E031F9CD205007D845D /* libRKValueTransformers.a in Frameworks */ = {isa = PBXBuildFile; fileRef = 526F1E081F9CD205007D845D /* libRKValueTransformers.a */; };
		526F1E041F9CD205007D845D /* libSOCKit.a in Frameworks */ = {isa = PBXBuildFile; fileRef = 526F1E091F9CD205007D845D /* libSOCKit.a */; };
		526F1E051F9CD205007D845D /* libTransitionKit.a in Frameworks */ = {isa = PBXBuildFile; fileRef = 526F1E0A1F9CD205007D845D /* libTransitionKit.a */; };
		526F1E0C1F9CD20F007D845D /* SystemConfiguration.framework in Frameworks */ = {isa = PBXBuildFile; fileRef = 526F1E0B1F9CD20F007D845D /* SystemConfiguration.framework */; };
		526F1E0E1F9CD21B007D845D /* CoreData.framework in Frameworks */ = {isa = PBXBuildFile; fileRef = 526F1E0D1F9CD21B007D845D /* CoreData.framework */; };
		526F1E101F9CD222007D845D /* Security.framework in Frameworks */ = {isa = PBXBuildFile; fileRef = 526F1E0F1F9CD222007D845D /* Security.framework */; };
		526F1E121F9CD22E007D845D /* CFNetwork.framework in Frameworks */ = {isa = PBXBuildFile; fileRef = 526F1E111F9CD22E007D845D /* CFNetwork.framework */; };
		526F1E161F9CD274007D845D /* Movie.xcdatamodeld in Sources */ = {isa = PBXBuildFile; fileRef = 526F1E141F9CD274007D845D /* Movie.xcdatamodeld */; };
		526F1E191F9CD2FA007D845D /* TVShow.xcdatamodeld in Sources */ = {isa = PBXBuildFile; fileRef = 526F1E171F9CD2FA007D845D /* TVShow.xcdatamodeld */; };
		526F1E1B1F9CD349007D845D /* MobileCoreServices.framework in Frameworks */ = {isa = PBXBuildFile; fileRef = 526F1E1A1F9CD349007D845D /* MobileCoreServices.framework */; };
		526F1E1D1F9CD3E2007D845D /* UIKit.framework in Frameworks */ = {isa = PBXBuildFile; fileRef = 526F1E1C1F9CD3E2007D845D /* UIKit.framework */; };
		526F1E1F1F9CD3E9007D845D /* Foundation.framework in Frameworks */ = {isa = PBXBuildFile; fileRef = 526F1E1E1F9CD3E9007D845D /* Foundation.framework */; };
		526F1E211F9CD3F7007D845D /* CoreGraphics.framework in Frameworks */ = {isa = PBXBuildFile; fileRef = 526F1E201F9CD3F7007D845D /* CoreGraphics.framework */; };
		526F1E431F9CDB9A007D845D /* MovieMapping.m in Sources */ = {isa = PBXBuildFile; fileRef = 526F1E421F9CDB9A007D845D /* MovieMapping.m */; };
		526F1E461F9CDBAA007D845D /* TVShowMapping.m in Sources */ = {isa = PBXBuildFile; fileRef = 526F1E451F9CDBAA007D845D /* TVShowMapping.m */; };
		52A55A7D1F94259E007E16DC /* MovieTvShowCollectionViewCell.m in Sources */ = {isa = PBXBuildFile; fileRef = 52A55A7B1F94259E007E16DC /* MovieTvShowCollectionViewCell.m */; };
		52A55A7E1F94259E007E16DC /* MovieTvShowCollectionViewCell.xib in Resources */ = {isa = PBXBuildFile; fileRef = 52A55A7C1F94259E007E16DC /* MovieTvShowCollectionViewCell.xib */; };
		52D0806A1F7B09580064C3BF /* AppDelegate.m in Sources */ = {isa = PBXBuildFile; fileRef = 52D080691F7B09580064C3BF /* AppDelegate.m */; };
		52D080701F7B09580064C3BF /* Main.storyboard in Resources */ = {isa = PBXBuildFile; fileRef = 52D0806E1F7B09580064C3BF /* Main.storyboard */; };
		52D080721F7B09580064C3BF /* Assets.xcassets in Resources */ = {isa = PBXBuildFile; fileRef = 52D080711F7B09580064C3BF /* Assets.xcassets */; };
		52D080751F7B09580064C3BF /* LaunchScreen.storyboard in Resources */ = {isa = PBXBuildFile; fileRef = 52D080731F7B09580064C3BF /* LaunchScreen.storyboard */; };
		52D080781F7B09580064C3BF /* main.m in Sources */ = {isa = PBXBuildFile; fileRef = 52D080771F7B09580064C3BF /* main.m */; };
		52D080821F7B09590064C3BF /* Popular_MoviesTests.m in Sources */ = {isa = PBXBuildFile; fileRef = 52D080811F7B09590064C3BF /* Popular_MoviesTests.m */; };
		52D0808D1F7B09590064C3BF /* Popular_MoviesUITests.m in Sources */ = {isa = PBXBuildFile; fileRef = 52D0808C1F7B09590064C3BF /* Popular_MoviesUITests.m */; };
		52ECC6BE1F929E8A009F2A8D /* MoviesCollectionViewController.m in Sources */ = {isa = PBXBuildFile; fileRef = 52ECC6BD1F929E8A009F2A8D /* MoviesCollectionViewController.m */; };
		52ECC6C11F929E9D009F2A8D /* TVShowCollectionViewController.m in Sources */ = {isa = PBXBuildFile; fileRef = 52ECC6C01F929E9D009F2A8D /* TVShowCollectionViewController.m */; };
		52ECC6CE1F92A7C2009F2A8D /* Actor.m in Sources */ = {isa = PBXBuildFile; fileRef = 52ECC6CD1F92A7C2009F2A8D /* Actor.m */; };
		52F84BBA1F8E0C8800195510 /* NewsTableViewCell.m in Sources */ = {isa = PBXBuildFile; fileRef = 52F84BB81F8E0C8800195510 /* NewsTableViewCell.m */; };
		52F84BBB1F8E0C8800195510 /* NewsTableViewCell.xib in Resources */ = {isa = PBXBuildFile; fileRef = 52F84BB91F8E0C8800195510 /* NewsTableViewCell.xib */; };
/* End PBXBuildFile section */

/* Begin PBXContainerItemProxy section */
		52D0807E1F7B09590064C3BF /* PBXContainerItemProxy */ = {
			isa = PBXContainerItemProxy;
			containerPortal = 52D0805D1F7B09580064C3BF /* Project object */;
			proxyType = 1;
			remoteGlobalIDString = 52D080641F7B09580064C3BF;
			remoteInfo = "Popular Movies";
		};
		52D080891F7B09590064C3BF /* PBXContainerItemProxy */ = {
			isa = PBXContainerItemProxy;
			containerPortal = 52D0805D1F7B09580064C3BF /* Project object */;
			proxyType = 1;
			remoteGlobalIDString = 52D080641F7B09580064C3BF;
			remoteInfo = "Popular Movies";
		};
/* End PBXContainerItemProxy section */

/* Begin PBXFileReference section */
		52188B7A1F83F5C300428F1E /* RssFeedTableViewController.h */ = {isa = PBXFileReference; lastKnownFileType = sourcecode.c.h; path = RssFeedTableViewController.h; sourceTree = "<group>"; };
		52188B7B1F83F5C300428F1E /* RssFeedTableViewController.m */ = {isa = PBXFileReference; lastKnownFileType = sourcecode.c.objc; path = RssFeedTableViewController.m; sourceTree = "<group>"; };
		526331161F83D402004769AD /* Movie.h */ = {isa = PBXFileReference; lastKnownFileType = sourcecode.c.h; path = Movie.h; sourceTree = "<group>"; };
		526331171F83D402004769AD /* Movie.m */ = {isa = PBXFileReference; lastKnownFileType = sourcecode.c.objc; path = Movie.m; sourceTree = "<group>"; };
		526331191F83D411004769AD /* News.h */ = {isa = PBXFileReference; lastKnownFileType = sourcecode.c.h; path = News.h; sourceTree = "<group>"; };
		5263311A1F83D411004769AD /* News.m */ = {isa = PBXFileReference; lastKnownFileType = sourcecode.c.objc; path = News.m; sourceTree = "<group>"; };
		5263311C1F83D421004769AD /* TVShow.h */ = {isa = PBXFileReference; lastKnownFileType = sourcecode.c.h; path = TVShow.h; sourceTree = "<group>"; };
		5263311D1F83D421004769AD /* TVShow.m */ = {isa = PBXFileReference; lastKnownFileType = sourcecode.c.objc; path = TVShow.m; sourceTree = "<group>"; };
		526F1E061F9CD205007D845D /* libISO8601DateFormatterValueTransformer.a */ = {isa = PBXFileReference; explicitFileType = archive.ar; path = libISO8601DateFormatterValueTransformer.a; sourceTree = BUILT_PRODUCTS_DIR; };
		526F1E071F9CD205007D845D /* libRestKit.a */ = {isa = PBXFileReference; explicitFileType = archive.ar; path = libRestKit.a; sourceTree = BUILT_PRODUCTS_DIR; };
		526F1E081F9CD205007D845D /* libRKValueTransformers.a */ = {isa = PBXFileReference; explicitFileType = archive.ar; path = libRKValueTransformers.a; sourceTree = BUILT_PRODUCTS_DIR; };
		526F1E091F9CD205007D845D /* libSOCKit.a */ = {isa = PBXFileReference; explicitFileType = archive.ar; path = libSOCKit.a; sourceTree = BUILT_PRODUCTS_DIR; };
		526F1E0A1F9CD205007D845D /* libTransitionKit.a */ = {isa = PBXFileReference; explicitFileType = archive.ar; path = libTransitionKit.a; sourceTree = BUILT_PRODUCTS_DIR; };
		526F1E0B1F9CD20F007D845D /* SystemConfiguration.framework */ = {isa = PBXFileReference; lastKnownFileType = wrapper.framework; name = SystemConfiguration.framework; path = System/Library/Frameworks/SystemConfiguration.framework; sourceTree = SDKROOT; };
		526F1E0D1F9CD21B007D845D /* CoreData.framework */ = {isa = PBXFileReference; lastKnownFileType = wrapper.framework; name = CoreData.framework; path = System/Library/Frameworks/CoreData.framework; sourceTree = SDKROOT; };
		526F1E0F1F9CD222007D845D /* Security.framework */ = {isa = PBXFileReference; lastKnownFileType = wrapper.framework; name = Security.framework; path = System/Library/Frameworks/Security.framework; sourceTree = SDKROOT; };
		526F1E111F9CD22E007D845D /* CFNetwork.framework */ = {isa = PBXFileReference; lastKnownFileType = wrapper.framework; name = CFNetwork.framework; path = System/Library/Frameworks/CFNetwork.framework; sourceTree = SDKROOT; };
		526F1E151F9CD274007D845D /* Movie.xcdatamodel */ = {isa = PBXFileReference; lastKnownFileType = wrapper.xcdatamodel; path = Movie.xcdatamodel; sourceTree = "<group>"; };
		526F1E181F9CD2FA007D845D /* TVShow.xcdatamodel */ = {isa = PBXFileReference; lastKnownFileType = wrapper.xcdatamodel; path = TVShow.xcdatamodel; sourceTree = "<group>"; };
		526F1E1A1F9CD349007D845D /* MobileCoreServices.framework */ = {isa = PBXFileReference; lastKnownFileType = wrapper.framework; name = MobileCoreServices.framework; path = System/Library/Frameworks/MobileCoreServices.framework; sourceTree = SDKROOT; };
		526F1E1C1F9CD3E2007D845D /* UIKit.framework */ = {isa = PBXFileReference; lastKnownFileType = wrapper.framework; name = UIKit.framework; path = System/Library/Frameworks/UIKit.framework; sourceTree = SDKROOT; };
		526F1E1E1F9CD3E9007D845D /* Foundation.framework */ = {isa = PBXFileReference; lastKnownFileType = wrapper.framework; name = Foundation.framework; path = System/Library/Frameworks/Foundation.framework; sourceTree = SDKROOT; };
		526F1E201F9CD3F7007D845D /* CoreGraphics.framework */ = {isa = PBXFileReference; lastKnownFileType = wrapper.framework; name = CoreGraphics.framework; path = System/Library/Frameworks/CoreGraphics.framework; sourceTree = SDKROOT; };
		526F1E411F9CDB9A007D845D /* MovieMapping.h */ = {isa = PBXFileReference; lastKnownFileType = sourcecode.c.h; path = MovieMapping.h; sourceTree = "<group>"; };
		526F1E421F9CDB9A007D845D /* MovieMapping.m */ = {isa = PBXFileReference; lastKnownFileType = sourcecode.c.objc; path = MovieMapping.m; sourceTree = "<group>"; };
		526F1E441F9CDBAA007D845D /* TVShowMapping.h */ = {isa = PBXFileReference; lastKnownFileType = sourcecode.c.h; path = TVShowMapping.h; sourceTree = "<group>"; };
		526F1E451F9CDBAA007D845D /* TVShowMapping.m */ = {isa = PBXFileReference; lastKnownFileType = sourcecode.c.objc; path = TVShowMapping.m; sourceTree = "<group>"; };
		52A55A7A1F94259E007E16DC /* MovieTvShowCollectionViewCell.h */ = {isa = PBXFileReference; lastKnownFileType = sourcecode.c.h; path = MovieTvShowCollectionViewCell.h; sourceTree = "<group>"; };
		52A55A7B1F94259E007E16DC /* MovieTvShowCollectionViewCell.m */ = {isa = PBXFileReference; lastKnownFileType = sourcecode.c.objc; path = MovieTvShowCollectionViewCell.m; sourceTree = "<group>"; };
		52A55A7C1F94259E007E16DC /* MovieTvShowCollectionViewCell.xib */ = {isa = PBXFileReference; lastKnownFileType = file.xib; path = MovieTvShowCollectionViewCell.xib; sourceTree = "<group>"; };
		52D080651F7B09580064C3BF /* Popular Movies.app */ = {isa = PBXFileReference; explicitFileType = wrapper.application; includeInIndex = 0; path = "Popular Movies.app"; sourceTree = BUILT_PRODUCTS_DIR; };
		52D080681F7B09580064C3BF /* AppDelegate.h */ = {isa = PBXFileReference; lastKnownFileType = sourcecode.c.h; path = AppDelegate.h; sourceTree = "<group>"; };
		52D080691F7B09580064C3BF /* AppDelegate.m */ = {isa = PBXFileReference; lastKnownFileType = sourcecode.c.objc; path = AppDelegate.m; sourceTree = "<group>"; };
		52D0806F1F7B09580064C3BF /* Base */ = {isa = PBXFileReference; lastKnownFileType = file.storyboard; name = Base; path = Base.lproj/Main.storyboard; sourceTree = "<group>"; };
		52D080711F7B09580064C3BF /* Assets.xcassets */ = {isa = PBXFileReference; lastKnownFileType = folder.assetcatalog; path = Assets.xcassets; sourceTree = "<group>"; };
		52D080741F7B09580064C3BF /* Base */ = {isa = PBXFileReference; lastKnownFileType = file.storyboard; name = Base; path = Base.lproj/LaunchScreen.storyboard; sourceTree = "<group>"; };
		52D080761F7B09580064C3BF /* Info.plist */ = {isa = PBXFileReference; lastKnownFileType = text.plist.xml; path = Info.plist; sourceTree = "<group>"; };
		52D080771F7B09580064C3BF /* main.m */ = {isa = PBXFileReference; lastKnownFileType = sourcecode.c.objc; path = main.m; sourceTree = "<group>"; };
		52D0807D1F7B09590064C3BF /* Popular MoviesTests.xctest */ = {isa = PBXFileReference; explicitFileType = wrapper.cfbundle; includeInIndex = 0; path = "Popular MoviesTests.xctest"; sourceTree = BUILT_PRODUCTS_DIR; };
		52D080811F7B09590064C3BF /* Popular_MoviesTests.m */ = {isa = PBXFileReference; lastKnownFileType = sourcecode.c.objc; path = Popular_MoviesTests.m; sourceTree = "<group>"; };
		52D080831F7B09590064C3BF /* Info.plist */ = {isa = PBXFileReference; lastKnownFileType = text.plist.xml; path = Info.plist; sourceTree = "<group>"; };
		52D080881F7B09590064C3BF /* Popular MoviesUITests.xctest */ = {isa = PBXFileReference; explicitFileType = wrapper.cfbundle; includeInIndex = 0; path = "Popular MoviesUITests.xctest"; sourceTree = BUILT_PRODUCTS_DIR; };
		52D0808C1F7B09590064C3BF /* Popular_MoviesUITests.m */ = {isa = PBXFileReference; lastKnownFileType = sourcecode.c.objc; path = Popular_MoviesUITests.m; sourceTree = "<group>"; };
		52D0808E1F7B09590064C3BF /* Info.plist */ = {isa = PBXFileReference; lastKnownFileType = text.plist.xml; path = Info.plist; sourceTree = "<group>"; };
		52ECC6BC1F929E8A009F2A8D /* MoviesCollectionViewController.h */ = {isa = PBXFileReference; lastKnownFileType = sourcecode.c.h; path = MoviesCollectionViewController.h; sourceTree = "<group>"; };
		52ECC6BD1F929E8A009F2A8D /* MoviesCollectionViewController.m */ = {isa = PBXFileReference; lastKnownFileType = sourcecode.c.objc; path = MoviesCollectionViewController.m; sourceTree = "<group>"; };
		52ECC6BF1F929E9D009F2A8D /* TVShowCollectionViewController.h */ = {isa = PBXFileReference; lastKnownFileType = sourcecode.c.h; path = TVShowCollectionViewController.h; sourceTree = "<group>"; };
		52ECC6C01F929E9D009F2A8D /* TVShowCollectionViewController.m */ = {isa = PBXFileReference; lastKnownFileType = sourcecode.c.objc; path = TVShowCollectionViewController.m; sourceTree = "<group>"; };
		52ECC6CC1F92A7C2009F2A8D /* Actor.h */ = {isa = PBXFileReference; lastKnownFileType = sourcecode.c.h; path = Actor.h; sourceTree = "<group>"; };
		52ECC6CD1F92A7C2009F2A8D /* Actor.m */ = {isa = PBXFileReference; lastKnownFileType = sourcecode.c.objc; path = Actor.m; sourceTree = "<group>"; };
		52F84BB71F8E0C8800195510 /* NewsTableViewCell.h */ = {isa = PBXFileReference; lastKnownFileType = sourcecode.c.h; path = NewsTableViewCell.h; sourceTree = "<group>"; };
		52F84BB81F8E0C8800195510 /* NewsTableViewCell.m */ = {isa = PBXFileReference; lastKnownFileType = sourcecode.c.objc; path = NewsTableViewCell.m; sourceTree = "<group>"; };
		52F84BB91F8E0C8800195510 /* NewsTableViewCell.xib */ = {isa = PBXFileReference; lastKnownFileType = file.xib; path = NewsTableViewCell.xib; sourceTree = "<group>"; };
		993C1B500FC8E711584F3985 /* Pods-Popular Movies.release.xcconfig */ = {isa = PBXFileReference; includeInIndex = 1; lastKnownFileType = text.xcconfig; name = "Pods-Popular Movies.release.xcconfig"; path = "Pods/Target Support Files/Pods-Popular Movies/Pods-Popular Movies.release.xcconfig"; sourceTree = "<group>"; };
		9A85D836403D072A2A64FD87 /* Pods-Popular Movies.debug.xcconfig */ = {isa = PBXFileReference; includeInIndex = 1; lastKnownFileType = text.xcconfig; name = "Pods-Popular Movies.debug.xcconfig"; path = "Pods/Target Support Files/Pods-Popular Movies/Pods-Popular Movies.debug.xcconfig"; sourceTree = "<group>"; };
		A35B5D86BAF6CD519441838D /* libPods-Popular Movies.a */ = {isa = PBXFileReference; explicitFileType = archive.ar; includeInIndex = 0; path = "libPods-Popular Movies.a"; sourceTree = BUILT_PRODUCTS_DIR; };
/* End PBXFileReference section */

/* Begin PBXFrameworksBuildPhase section */
		52D080621F7B09580064C3BF /* Frameworks */ = {
			isa = PBXFrameworksBuildPhase;
			buildActionMask = 2147483647;
			files = (
				526F1E211F9CD3F7007D845D /* CoreGraphics.framework in Frameworks */,
				526F1E1F1F9CD3E9007D845D /* Foundation.framework in Frameworks */,
				526F1E1D1F9CD3E2007D845D /* UIKit.framework in Frameworks */,
				526F1E1B1F9CD349007D845D /* MobileCoreServices.framework in Frameworks */,
				526F1E121F9CD22E007D845D /* CFNetwork.framework in Frameworks */,
				526F1E101F9CD222007D845D /* Security.framework in Frameworks */,
				526F1E0E1F9CD21B007D845D /* CoreData.framework in Frameworks */,
				526F1E0C1F9CD20F007D845D /* SystemConfiguration.framework in Frameworks */,
				526F1E011F9CD205007D845D /* libISO8601DateFormatterValueTransformer.a in Frameworks */,
				526F1E021F9CD205007D845D /* libRestKit.a in Frameworks */,
				526F1E031F9CD205007D845D /* libRKValueTransformers.a in Frameworks */,
				526F1E041F9CD205007D845D /* libSOCKit.a in Frameworks */,
				526F1E051F9CD205007D845D /* libTransitionKit.a in Frameworks */,
				106AD408DAE66AEB852F5084 /* libPods-Popular Movies.a in Frameworks */,
			);
			runOnlyForDeploymentPostprocessing = 0;
		};
		52D0807A1F7B09590064C3BF /* Frameworks */ = {
			isa = PBXFrameworksBuildPhase;
			buildActionMask = 2147483647;
			files = (
			);
			runOnlyForDeploymentPostprocessing = 0;
		};
		52D080851F7B09590064C3BF /* Frameworks */ = {
			isa = PBXFrameworksBuildPhase;
			buildActionMask = 2147483647;
			files = (
			);
			runOnlyForDeploymentPostprocessing = 0;
		};
/* End PBXFrameworksBuildPhase section */

/* Begin PBXGroup section */
		526331131F83D3B0004769AD /* Model */ = {
			isa = PBXGroup;
			children = (
				526331161F83D402004769AD /* Movie.h */,
				526331171F83D402004769AD /* Movie.m */,
				526331191F83D411004769AD /* News.h */,
				5263311A1F83D411004769AD /* News.m */,
				5263311C1F83D421004769AD /* TVShow.h */,
				5263311D1F83D421004769AD /* TVShow.m */,
				52ECC6CC1F92A7C2009F2A8D /* Actor.h */,
				52ECC6CD1F92A7C2009F2A8D /* Actor.m */,
			);
			path = Model;
			sourceTree = "<group>";
		};
		526331141F83D3BE004769AD /* View */ = {
			isa = PBXGroup;
			children = (
				52F84BB61F8E0C3D00195510 /* Cells */,
				52D0806E1F7B09580064C3BF /* Main.storyboard */,
				52D080731F7B09580064C3BF /* LaunchScreen.storyboard */,
			);
			path = View;
			sourceTree = "<group>";
		};
		526331151F83D3C6004769AD /* Controllers */ = {
			isa = PBXGroup;
			children = (
				52188B7A1F83F5C300428F1E /* RssFeedTableViewController.h */,
				52188B7B1F83F5C300428F1E /* RssFeedTableViewController.m */,
				52ECC6BC1F929E8A009F2A8D /* MoviesCollectionViewController.h */,
				52ECC6BD1F929E8A009F2A8D /* MoviesCollectionViewController.m */,
				52ECC6BF1F929E9D009F2A8D /* TVShowCollectionViewController.h */,
				52ECC6C01F929E9D009F2A8D /* TVShowCollectionViewController.m */,
			);
			path = Controllers;
			sourceTree = "<group>";
		};
		526F1E131F9CD25F007D845D /* Service */ = {
			isa = PBXGroup;
			children = (
				526F1E141F9CD274007D845D /* Movie.xcdatamodeld */,
				526F1E171F9CD2FA007D845D /* TVShow.xcdatamodeld */,
				526F1E411F9CDB9A007D845D /* MovieMapping.h */,
				526F1E421F9CDB9A007D845D /* MovieMapping.m */,
				526F1E441F9CDBAA007D845D /* TVShowMapping.h */,
				526F1E451F9CDBAA007D845D /* TVShowMapping.m */,
			);
			path = Service;
			sourceTree = "<group>";
		};
		52D0805C1F7B09580064C3BF = {
			isa = PBXGroup;
			children = (
				52D080671F7B09580064C3BF /* Popular Movies */,
				52D080801F7B09590064C3BF /* Popular MoviesTests */,
				52D0808B1F7B09590064C3BF /* Popular MoviesUITests */,
				52D080661F7B09580064C3BF /* Products */,
				A329367339099D11F4AF2E14 /* Pods */,
				BCF066235EA284878CEFC053 /* Frameworks */,
			);
			sourceTree = "<group>";
		};
		52D080661F7B09580064C3BF /* Products */ = {
			isa = PBXGroup;
			children = (
				52D080651F7B09580064C3BF /* Popular Movies.app */,
				52D0807D1F7B09590064C3BF /* Popular MoviesTests.xctest */,
				52D080881F7B09590064C3BF /* Popular MoviesUITests.xctest */,
			);
			name = Products;
			sourceTree = "<group>";
		};
		52D080671F7B09580064C3BF /* Popular Movies */ = {
			isa = PBXGroup;
			children = (
				526F1E131F9CD25F007D845D /* Service */,
				526331151F83D3C6004769AD /* Controllers */,
				526331141F83D3BE004769AD /* View */,
				526331131F83D3B0004769AD /* Model */,
				52D080681F7B09580064C3BF /* AppDelegate.h */,
				52D080691F7B09580064C3BF /* AppDelegate.m */,
				52D080711F7B09580064C3BF /* Assets.xcassets */,
				52D080761F7B09580064C3BF /* Info.plist */,
				52D080771F7B09580064C3BF /* main.m */,
			);
			path = "Popular Movies";
			sourceTree = "<group>";
		};
		52D080801F7B09590064C3BF /* Popular MoviesTests */ = {
			isa = PBXGroup;
			children = (
				52D080811F7B09590064C3BF /* Popular_MoviesTests.m */,
				52D080831F7B09590064C3BF /* Info.plist */,
			);
			path = "Popular MoviesTests";
			sourceTree = "<group>";
		};
		52D0808B1F7B09590064C3BF /* Popular MoviesUITests */ = {
			isa = PBXGroup;
			children = (
				52D0808C1F7B09590064C3BF /* Popular_MoviesUITests.m */,
				52D0808E1F7B09590064C3BF /* Info.plist */,
			);
			path = "Popular MoviesUITests";
			sourceTree = "<group>";
		};
		52F84BB61F8E0C3D00195510 /* Cells */ = {
			isa = PBXGroup;
			children = (
				52F84BB71F8E0C8800195510 /* NewsTableViewCell.h */,
				52F84BB81F8E0C8800195510 /* NewsTableViewCell.m */,
				52F84BB91F8E0C8800195510 /* NewsTableViewCell.xib */,
				52A55A7A1F94259E007E16DC /* MovieTvShowCollectionViewCell.h */,
				52A55A7B1F94259E007E16DC /* MovieTvShowCollectionViewCell.m */,
				52A55A7C1F94259E007E16DC /* MovieTvShowCollectionViewCell.xib */,
			);
			path = Cells;
			sourceTree = "<group>";
		};
		A329367339099D11F4AF2E14 /* Pods */ = {
			isa = PBXGroup;
			children = (
				9A85D836403D072A2A64FD87 /* Pods-Popular Movies.debug.xcconfig */,
				993C1B500FC8E711584F3985 /* Pods-Popular Movies.release.xcconfig */,
			);
			name = Pods;
			sourceTree = "<group>";
		};
		BCF066235EA284878CEFC053 /* Frameworks */ = {
			isa = PBXGroup;
			children = (
				526F1E201F9CD3F7007D845D /* CoreGraphics.framework */,
				526F1E1E1F9CD3E9007D845D /* Foundation.framework */,
				526F1E1C1F9CD3E2007D845D /* UIKit.framework */,
				526F1E1A1F9CD349007D845D /* MobileCoreServices.framework */,
				526F1E111F9CD22E007D845D /* CFNetwork.framework */,
				526F1E0F1F9CD222007D845D /* Security.framework */,
				526F1E0D1F9CD21B007D845D /* CoreData.framework */,
				526F1E0B1F9CD20F007D845D /* SystemConfiguration.framework */,
				526F1E061F9CD205007D845D /* libISO8601DateFormatterValueTransformer.a */,
				526F1E071F9CD205007D845D /* libRestKit.a */,
				526F1E081F9CD205007D845D /* libRKValueTransformers.a */,
				526F1E091F9CD205007D845D /* libSOCKit.a */,
				526F1E0A1F9CD205007D845D /* libTransitionKit.a */,
				A35B5D86BAF6CD519441838D /* libPods-Popular Movies.a */,
			);
			name = Frameworks;
			sourceTree = "<group>";
		};
/* End PBXGroup section */

/* Begin PBXNativeTarget section */
		52D080641F7B09580064C3BF /* Popular Movies */ = {
			isa = PBXNativeTarget;
			buildConfigurationList = 52D080911F7B09590064C3BF /* Build configuration list for PBXNativeTarget "Popular Movies" */;
			buildPhases = (
				32D12587139A924EA18C9F22 /* [CP] Check Pods Manifest.lock */,
				52D080611F7B09580064C3BF /* Sources */,
				52D080621F7B09580064C3BF /* Frameworks */,
				52D080631F7B09580064C3BF /* Resources */,
				71C3D04EE0510194D7CC52A2 /* [CP] Embed Pods Frameworks */,
				E3FF53E26898C974D2121E15 /* [CP] Copy Pods Resources */,
			);
			buildRules = (
			);
			dependencies = (
			);
			name = "Popular Movies";
			productName = "Popular Movies";
			productReference = 52D080651F7B09580064C3BF /* Popular Movies.app */;
			productType = "com.apple.product-type.application";
		};
		52D0807C1F7B09590064C3BF /* Popular MoviesTests */ = {
			isa = PBXNativeTarget;
			buildConfigurationList = 52D080941F7B09590064C3BF /* Build configuration list for PBXNativeTarget "Popular MoviesTests" */;
			buildPhases = (
				52D080791F7B09590064C3BF /* Sources */,
				52D0807A1F7B09590064C3BF /* Frameworks */,
				52D0807B1F7B09590064C3BF /* Resources */,
			);
			buildRules = (
			);
			dependencies = (
				52D0807F1F7B09590064C3BF /* PBXTargetDependency */,
			);
			name = "Popular MoviesTests";
			productName = "Popular MoviesTests";
			productReference = 52D0807D1F7B09590064C3BF /* Popular MoviesTests.xctest */;
			productType = "com.apple.product-type.bundle.unit-test";
		};
		52D080871F7B09590064C3BF /* Popular MoviesUITests */ = {
			isa = PBXNativeTarget;
			buildConfigurationList = 52D080971F7B09590064C3BF /* Build configuration list for PBXNativeTarget "Popular MoviesUITests" */;
			buildPhases = (
				52D080841F7B09590064C3BF /* Sources */,
				52D080851F7B09590064C3BF /* Frameworks */,
				52D080861F7B09590064C3BF /* Resources */,
			);
			buildRules = (
			);
			dependencies = (
				52D0808A1F7B09590064C3BF /* PBXTargetDependency */,
			);
			name = "Popular MoviesUITests";
			productName = "Popular MoviesUITests";
			productReference = 52D080881F7B09590064C3BF /* Popular MoviesUITests.xctest */;
			productType = "com.apple.product-type.bundle.ui-testing";
		};
/* End PBXNativeTarget section */

/* Begin PBXProject section */
		52D0805D1F7B09580064C3BF /* Project object */ = {
			isa = PBXProject;
			attributes = {
				LastUpgradeCheck = 0900;
				ORGANIZATIONNAME = Test;
				TargetAttributes = {
					52D080641F7B09580064C3BF = {
						CreatedOnToolsVersion = 9.0;
						ProvisioningStyle = Automatic;
					};
					52D0807C1F7B09590064C3BF = {
						CreatedOnToolsVersion = 9.0;
						ProvisioningStyle = Automatic;
						TestTargetID = 52D080641F7B09580064C3BF;
					};
					52D080871F7B09590064C3BF = {
						CreatedOnToolsVersion = 9.0;
						ProvisioningStyle = Automatic;
						TestTargetID = 52D080641F7B09580064C3BF;
					};
				};
			};
			buildConfigurationList = 52D080601F7B09580064C3BF /* Build configuration list for PBXProject "Popular Movies" */;
			compatibilityVersion = "Xcode 8.0";
			developmentRegion = en;
			hasScannedForEncodings = 0;
			knownRegions = (
				en,
				Base,
			);
			mainGroup = 52D0805C1F7B09580064C3BF;
			productRefGroup = 52D080661F7B09580064C3BF /* Products */;
			projectDirPath = "";
			projectRoot = "";
			targets = (
				52D080641F7B09580064C3BF /* Popular Movies */,
				52D0807C1F7B09590064C3BF /* Popular MoviesTests */,
				52D080871F7B09590064C3BF /* Popular MoviesUITests */,
			);
		};
/* End PBXProject section */

/* Begin PBXResourcesBuildPhase section */
		52D080631F7B09580064C3BF /* Resources */ = {
			isa = PBXResourcesBuildPhase;
			buildActionMask = 2147483647;
			files = (
				52D080751F7B09580064C3BF /* LaunchScreen.storyboard in Resources */,
				52A55A7E1F94259E007E16DC /* MovieTvShowCollectionViewCell.xib in Resources */,
				52D080721F7B09580064C3BF /* Assets.xcassets in Resources */,
				52F84BBB1F8E0C8800195510 /* NewsTableViewCell.xib in Resources */,
				52D080701F7B09580064C3BF /* Main.storyboard in Resources */,
			);
			runOnlyForDeploymentPostprocessing = 0;
		};
		52D0807B1F7B09590064C3BF /* Resources */ = {
			isa = PBXResourcesBuildPhase;
			buildActionMask = 2147483647;
			files = (
			);
			runOnlyForDeploymentPostprocessing = 0;
		};
		52D080861F7B09590064C3BF /* Resources */ = {
			isa = PBXResourcesBuildPhase;
			buildActionMask = 2147483647;
			files = (
			);
			runOnlyForDeploymentPostprocessing = 0;
		};
/* End PBXResourcesBuildPhase section */

/* Begin PBXShellScriptBuildPhase section */
		32D12587139A924EA18C9F22 /* [CP] Check Pods Manifest.lock */ = {
			isa = PBXShellScriptBuildPhase;
			buildActionMask = 2147483647;
			files = (
			);
			inputPaths = (
				"${PODS_PODFILE_DIR_PATH}/Podfile.lock",
				"${PODS_ROOT}/Manifest.lock",
			);
			name = "[CP] Check Pods Manifest.lock";
			outputPaths = (
				"$(DERIVED_FILE_DIR)/Pods-Popular Movies-checkManifestLockResult.txt",
			);
			runOnlyForDeploymentPostprocessing = 0;
			shellPath = /bin/sh;
			shellScript = "diff \"${PODS_PODFILE_DIR_PATH}/Podfile.lock\" \"${PODS_ROOT}/Manifest.lock\" > /dev/null\nif [ $? != 0 ] ; then\n    # print error to STDERR\n    echo \"error: The sandbox is not in sync with the Podfile.lock. Run 'pod install' or update your CocoaPods installation.\" >&2\n    exit 1\nfi\n# This output is used by Xcode 'outputs' to avoid re-running this script phase.\necho \"SUCCESS\" > \"${SCRIPT_OUTPUT_FILE_0}\"\n";
			showEnvVarsInLog = 0;
		};
		71C3D04EE0510194D7CC52A2 /* [CP] Embed Pods Frameworks */ = {
			isa = PBXShellScriptBuildPhase;
			buildActionMask = 2147483647;
			files = (
			);
			inputPaths = (
			);
			name = "[CP] Embed Pods Frameworks";
			outputPaths = (
			);
			runOnlyForDeploymentPostprocessing = 0;
			shellPath = /bin/sh;
			shellScript = "\"${SRCROOT}/Pods/Target Support Files/Pods-Popular Movies/Pods-Popular Movies-frameworks.sh\"\n";
			showEnvVarsInLog = 0;
		};
		E3FF53E26898C974D2121E15 /* [CP] Copy Pods Resources */ = {
			isa = PBXShellScriptBuildPhase;
			buildActionMask = 2147483647;
			files = (
			);
			inputPaths = (
			);
			name = "[CP] Copy Pods Resources";
			outputPaths = (
			);
			runOnlyForDeploymentPostprocessing = 0;
			shellPath = /bin/sh;
			shellScript = "\"${SRCROOT}/Pods/Target Support Files/Pods-Popular Movies/Pods-Popular Movies-resources.sh\"\n";
			showEnvVarsInLog = 0;
		};
/* End PBXShellScriptBuildPhase section */

/* Begin PBXSourcesBuildPhase section */
		52D080611F7B09580064C3BF /* Sources */ = {
			isa = PBXSourcesBuildPhase;
			buildActionMask = 2147483647;
			files = (
				52ECC6C11F929E9D009F2A8D /* TVShowCollectionViewController.m in Sources */,
				5263311E1F83D421004769AD /* TVShow.m in Sources */,
				526F1E461F9CDBAA007D845D /* TVShowMapping.m in Sources */,
				526F1E191F9CD2FA007D845D /* TVShow.xcdatamodeld in Sources */,
				526F1E431F9CDB9A007D845D /* MovieMapping.m in Sources */,
				52ECC6CE1F92A7C2009F2A8D /* Actor.m in Sources */,
				5263311B1F83D411004769AD /* News.m in Sources */,
				52188B7C1F83F5C300428F1E /* RssFeedTableViewController.m in Sources */,
				52ECC6BE1F929E8A009F2A8D /* MoviesCollectionViewController.m in Sources */,
				52D080781F7B09580064C3BF /* main.m in Sources */,
				526331181F83D402004769AD /* Movie.m in Sources */,
				52A55A7D1F94259E007E16DC /* MovieTvShowCollectionViewCell.m in Sources */,
				52D0806A1F7B09580064C3BF /* AppDelegate.m in Sources */,
				526F1E161F9CD274007D845D /* Movie.xcdatamodeld in Sources */,
				52F84BBA1F8E0C8800195510 /* NewsTableViewCell.m in Sources */,
			);
			runOnlyForDeploymentPostprocessing = 0;
		};
		52D080791F7B09590064C3BF /* Sources */ = {
			isa = PBXSourcesBuildPhase;
			buildActionMask = 2147483647;
			files = (
				52D080821F7B09590064C3BF /* Popular_MoviesTests.m in Sources */,
			);
			runOnlyForDeploymentPostprocessing = 0;
		};
		52D080841F7B09590064C3BF /* Sources */ = {
			isa = PBXSourcesBuildPhase;
			buildActionMask = 2147483647;
			files = (
				52D0808D1F7B09590064C3BF /* Popular_MoviesUITests.m in Sources */,
			);
			runOnlyForDeploymentPostprocessing = 0;
		};
/* End PBXSourcesBuildPhase section */

/* Begin PBXTargetDependency section */
		52D0807F1F7B09590064C3BF /* PBXTargetDependency */ = {
			isa = PBXTargetDependency;
			target = 52D080641F7B09580064C3BF /* Popular Movies */;
			targetProxy = 52D0807E1F7B09590064C3BF /* PBXContainerItemProxy */;
		};
		52D0808A1F7B09590064C3BF /* PBXTargetDependency */ = {
			isa = PBXTargetDependency;
			target = 52D080641F7B09580064C3BF /* Popular Movies */;
			targetProxy = 52D080891F7B09590064C3BF /* PBXContainerItemProxy */;
		};
/* End PBXTargetDependency section */

/* Begin PBXVariantGroup section */
		52D0806E1F7B09580064C3BF /* Main.storyboard */ = {
			isa = PBXVariantGroup;
			children = (
				52D0806F1F7B09580064C3BF /* Base */,
			);
			name = Main.storyboard;
			sourceTree = "<group>";
		};
		52D080731F7B09580064C3BF /* LaunchScreen.storyboard */ = {
			isa = PBXVariantGroup;
			children = (
				52D080741F7B09580064C3BF /* Base */,
			);
			name = LaunchScreen.storyboard;
			sourceTree = "<group>";
		};
/* End PBXVariantGroup section */

/* Begin XCBuildConfiguration section */
		52D0808F1F7B09590064C3BF /* Debug */ = {
			isa = XCBuildConfiguration;
			buildSettings = {
				ALWAYS_SEARCH_USER_PATHS = NO;
				CLANG_ANALYZER_NONNULL = YES;
				CLANG_ANALYZER_NUMBER_OBJECT_CONVERSION = YES_AGGRESSIVE;
				CLANG_CXX_LANGUAGE_STANDARD = "gnu++14";
				CLANG_CXX_LIBRARY = "libc++";
				CLANG_ENABLE_MODULES = YES;
				CLANG_ENABLE_OBJC_ARC = YES;
				CLANG_WARN_BLOCK_CAPTURE_AUTORELEASING = YES;
				CLANG_WARN_BOOL_CONVERSION = YES;
				CLANG_WARN_COMMA = YES;
				CLANG_WARN_CONSTANT_CONVERSION = YES;
				CLANG_WARN_DIRECT_OBJC_ISA_USAGE = YES_ERROR;
				CLANG_WARN_DOCUMENTATION_COMMENTS = YES;
				CLANG_WARN_EMPTY_BODY = YES;
				CLANG_WARN_ENUM_CONVERSION = YES;
				CLANG_WARN_INFINITE_RECURSION = YES;
				CLANG_WARN_INT_CONVERSION = YES;
				CLANG_WARN_NON_LITERAL_NULL_CONVERSION = YES;
				CLANG_WARN_OBJC_LITERAL_CONVERSION = YES;
				CLANG_WARN_OBJC_ROOT_CLASS = YES_ERROR;
				CLANG_WARN_RANGE_LOOP_ANALYSIS = YES;
				CLANG_WARN_STRICT_PROTOTYPES = YES;
				CLANG_WARN_SUSPICIOUS_MOVE = YES;
				CLANG_WARN_UNGUARDED_AVAILABILITY = YES_AGGRESSIVE;
				CLANG_WARN_UNREACHABLE_CODE = YES;
				CLANG_WARN__DUPLICATE_METHOD_MATCH = YES;
				CODE_SIGN_IDENTITY = "iPhone Developer";
				COPY_PHASE_STRIP = NO;
				DEBUG_INFORMATION_FORMAT = dwarf;
				ENABLE_STRICT_OBJC_MSGSEND = YES;
				ENABLE_TESTABILITY = YES;
				GCC_C_LANGUAGE_STANDARD = gnu11;
				GCC_DYNAMIC_NO_PIC = NO;
				GCC_NO_COMMON_BLOCKS = YES;
				GCC_OPTIMIZATION_LEVEL = 0;
				GCC_PREPROCESSOR_DEFINITIONS = (
					"DEBUG=1",
					"$(inherited)",
				);
				GCC_WARN_64_TO_32_BIT_CONVERSION = YES;
				GCC_WARN_ABOUT_RETURN_TYPE = YES_ERROR;
				GCC_WARN_UNDECLARED_SELECTOR = YES;
				GCC_WARN_UNINITIALIZED_AUTOS = YES_AGGRESSIVE;
				GCC_WARN_UNUSED_FUNCTION = YES;
				GCC_WARN_UNUSED_VARIABLE = YES;
				IPHONEOS_DEPLOYMENT_TARGET = 11.0;
				MTL_ENABLE_DEBUG_INFO = YES;
				ONLY_ACTIVE_ARCH = YES;
				SDKROOT = iphoneos;
			};
			name = Debug;
		};
		52D080901F7B09590064C3BF /* Release */ = {
			isa = XCBuildConfiguration;
			buildSettings = {
				ALWAYS_SEARCH_USER_PATHS = NO;
				CLANG_ANALYZER_NONNULL = YES;
				CLANG_ANALYZER_NUMBER_OBJECT_CONVERSION = YES_AGGRESSIVE;
				CLANG_CXX_LANGUAGE_STANDARD = "gnu++14";
				CLANG_CXX_LIBRARY = "libc++";
				CLANG_ENABLE_MODULES = YES;
				CLANG_ENABLE_OBJC_ARC = YES;
				CLANG_WARN_BLOCK_CAPTURE_AUTORELEASING = YES;
				CLANG_WARN_BOOL_CONVERSION = YES;
				CLANG_WARN_COMMA = YES;
				CLANG_WARN_CONSTANT_CONVERSION = YES;
				CLANG_WARN_DIRECT_OBJC_ISA_USAGE = YES_ERROR;
				CLANG_WARN_DOCUMENTATION_COMMENTS = YES;
				CLANG_WARN_EMPTY_BODY = YES;
				CLANG_WARN_ENUM_CONVERSION = YES;
				CLANG_WARN_INFINITE_RECURSION = YES;
				CLANG_WARN_INT_CONVERSION = YES;
				CLANG_WARN_NON_LITERAL_NULL_CONVERSION = YES;
				CLANG_WARN_OBJC_LITERAL_CONVERSION = YES;
				CLANG_WARN_OBJC_ROOT_CLASS = YES_ERROR;
				CLANG_WARN_RANGE_LOOP_ANALYSIS = YES;
				CLANG_WARN_STRICT_PROTOTYPES = YES;
				CLANG_WARN_SUSPICIOUS_MOVE = YES;
				CLANG_WARN_UNGUARDED_AVAILABILITY = YES_AGGRESSIVE;
				CLANG_WARN_UNREACHABLE_CODE = YES;
				CLANG_WARN__DUPLICATE_METHOD_MATCH = YES;
				CODE_SIGN_IDENTITY = "iPhone Developer";
				COPY_PHASE_STRIP = NO;
				DEBUG_INFORMATION_FORMAT = "dwarf-with-dsym";
				ENABLE_NS_ASSERTIONS = NO;
				ENABLE_STRICT_OBJC_MSGSEND = YES;
				GCC_C_LANGUAGE_STANDARD = gnu11;
				GCC_NO_COMMON_BLOCKS = YES;
				GCC_WARN_64_TO_32_BIT_CONVERSION = YES;
				GCC_WARN_ABOUT_RETURN_TYPE = YES_ERROR;
				GCC_WARN_UNDECLARED_SELECTOR = YES;
				GCC_WARN_UNINITIALIZED_AUTOS = YES_AGGRESSIVE;
				GCC_WARN_UNUSED_FUNCTION = YES;
				GCC_WARN_UNUSED_VARIABLE = YES;
				IPHONEOS_DEPLOYMENT_TARGET = 11.0;
				MTL_ENABLE_DEBUG_INFO = NO;
				SDKROOT = iphoneos;
				VALIDATE_PRODUCT = YES;
			};
			name = Release;
		};
		52D080921F7B09590064C3BF /* Debug */ = {
			isa = XCBuildConfiguration;
			baseConfigurationReference = 9A85D836403D072A2A64FD87 /* Pods-Popular Movies.debug.xcconfig */;
			buildSettings = {
				ASSETCATALOG_COMPILER_APPICON_NAME = AppIcon;
				CODE_SIGN_STYLE = Automatic;
				HEADER_SEARCH_PATHS = (
					"$(inherited)",
					"\"${PODS_ROOT}/Headers/Public\"",
					"\"${PODS_ROOT}/Headers/Public/ISO8601DateFormatterValueTransformer\"",
					"\"${PODS_ROOT}/Headers/Public/RKValueTransformers\"",
					"\"${PODS_ROOT}/Headers/Public/RestKit\"",
					"\"${PODS_ROOT}/Headers/Public/SOCKit\"",
					"\"${PODS_ROOT}/Headers/Public/TransitionKit\"",
					"\"$(BUILT_PRODUCTS_DIR/../../Headers\"",
				);
				INFOPLIST_FILE = "Popular Movies/Info.plist";
				LD_RUNPATH_SEARCH_PATHS = "$(inherited) @executable_path/Frameworks";
				OTHER_LDFLAGS = (
					"-ObjC",
					"-l\"ISO8601DateFormatterValueTransformer\"",
					"-l\"RKValueTransformers\"",
					"-l\"RestKit\"",
					"-l\"SOCKit\"",
					"-l\"TransitionKit\"",
					"-framework",
					"\"CFNetwork\"",
					"-framework",
					"\"CoreData\"",
					"-framework",
					"\"MobileCoreServices\"",
					"-framework",
					"\"Security\"",
					"-framework",
					"\"SystemConfiguration\"",
					"$(inherited)",
				);
				PRODUCT_BUNDLE_IDENTIFIER = "iOS-Selma.Popular-Movies";
				PRODUCT_NAME = "$(TARGET_NAME)";
				TARGETED_DEVICE_FAMILY = "1,2";
			};
			name = Debug;
		};
		52D080931F7B09590064C3BF /* Release */ = {
			isa = XCBuildConfiguration;
			baseConfigurationReference = 993C1B500FC8E711584F3985 /* Pods-Popular Movies.release.xcconfig */;
			buildSettings = {
				ASSETCATALOG_COMPILER_APPICON_NAME = AppIcon;
				CODE_SIGN_STYLE = Automatic;
				HEADER_SEARCH_PATHS = (
					"$(inherited)",
					"\"${PODS_ROOT}/Headers/Public\"",
					"\"${PODS_ROOT}/Headers/Public/ISO8601DateFormatterValueTransformer\"",
					"\"${PODS_ROOT}/Headers/Public/RKValueTransformers\"",
					"\"${PODS_ROOT}/Headers/Public/RestKit\"",
					"\"${PODS_ROOT}/Headers/Public/SOCKit\"",
					"\"${PODS_ROOT}/Headers/Public/TransitionKit\"",
					"\"$(BUILT_PRODUCTS_DIR/../../Headers\"",
				);
				INFOPLIST_FILE = "Popular Movies/Info.plist";
				LD_RUNPATH_SEARCH_PATHS = "$(inherited) @executable_path/Frameworks";
				OTHER_LDFLAGS = (
					"-ObjC",
					"-l\"ISO8601DateFormatterValueTransformer\"",
					"-l\"RKValueTransformers\"",
					"-l\"RestKit\"",
					"-l\"SOCKit\"",
					"-l\"TransitionKit\"",
					"-framework",
					"\"CFNetwork\"",
					"-framework",
					"\"CoreData\"",
					"-framework",
					"\"MobileCoreServices\"",
					"-framework",
					"\"Security\"",
					"-framework",
					"\"SystemConfiguration\"",
					"$(inherited)",
				);
				PRODUCT_BUNDLE_IDENTIFIER = "iOS-Selma.Popular-Movies";
				PRODUCT_NAME = "$(TARGET_NAME)";
				TARGETED_DEVICE_FAMILY = "1,2";
			};
			name = Release;
		};
		52D080951F7B09590064C3BF /* Debug */ = {
			isa = XCBuildConfiguration;
			buildSettings = {
				BUNDLE_LOADER = "$(TEST_HOST)";
				CODE_SIGN_STYLE = Automatic;
				INFOPLIST_FILE = "Popular MoviesTests/Info.plist";
				LD_RUNPATH_SEARCH_PATHS = "$(inherited) @executable_path/Frameworks @loader_path/Frameworks";
				PRODUCT_BUNDLE_IDENTIFIER = "iOS-Selma.Popular-MoviesTests";
				PRODUCT_NAME = "$(TARGET_NAME)";
				TARGETED_DEVICE_FAMILY = "1,2";
				TEST_HOST = "$(BUILT_PRODUCTS_DIR)/Popular Movies.app/Popular Movies";
			};
			name = Debug;
		};
		52D080961F7B09590064C3BF /* Release */ = {
			isa = XCBuildConfiguration;
			buildSettings = {
				BUNDLE_LOADER = "$(TEST_HOST)";
				CODE_SIGN_STYLE = Automatic;
				INFOPLIST_FILE = "Popular MoviesTests/Info.plist";
				LD_RUNPATH_SEARCH_PATHS = "$(inherited) @executable_path/Frameworks @loader_path/Frameworks";
				PRODUCT_BUNDLE_IDENTIFIER = "iOS-Selma.Popular-MoviesTests";
				PRODUCT_NAME = "$(TARGET_NAME)";
				TARGETED_DEVICE_FAMILY = "1,2";
				TEST_HOST = "$(BUILT_PRODUCTS_DIR)/Popular Movies.app/Popular Movies";
			};
			name = Release;
		};
		52D080981F7B09590064C3BF /* Debug */ = {
			isa = XCBuildConfiguration;
			buildSettings = {
				CODE_SIGN_STYLE = Automatic;
				INFOPLIST_FILE = "Popular MoviesUITests/Info.plist";
				LD_RUNPATH_SEARCH_PATHS = "$(inherited) @executable_path/Frameworks @loader_path/Frameworks";
				PRODUCT_BUNDLE_IDENTIFIER = "iOS-Selma.Popular-MoviesUITests";
				PRODUCT_NAME = "$(TARGET_NAME)";
				TARGETED_DEVICE_FAMILY = "1,2";
				TEST_TARGET_NAME = "Popular Movies";
			};
			name = Debug;
		};
		52D080991F7B09590064C3BF /* Release */ = {
			isa = XCBuildConfiguration;
			buildSettings = {
				CODE_SIGN_STYLE = Automatic;
				INFOPLIST_FILE = "Popular MoviesUITests/Info.plist";
				LD_RUNPATH_SEARCH_PATHS = "$(inherited) @executable_path/Frameworks @loader_path/Frameworks";
				PRODUCT_BUNDLE_IDENTIFIER = "iOS-Selma.Popular-MoviesUITests";
				PRODUCT_NAME = "$(TARGET_NAME)";
				TARGETED_DEVICE_FAMILY = "1,2";
				TEST_TARGET_NAME = "Popular Movies";
			};
			name = Release;
		};
/* End XCBuildConfiguration section */

/* Begin XCConfigurationList section */
		52D080601F7B09580064C3BF /* Build configuration list for PBXProject "Popular Movies" */ = {
			isa = XCConfigurationList;
			buildConfigurations = (
				52D0808F1F7B09590064C3BF /* Debug */,
				52D080901F7B09590064C3BF /* Release */,
			);
			defaultConfigurationIsVisible = 0;
			defaultConfigurationName = Release;
		};
		52D080911F7B09590064C3BF /* Build configuration list for PBXNativeTarget "Popular Movies" */ = {
			isa = XCConfigurationList;
			buildConfigurations = (
				52D080921F7B09590064C3BF /* Debug */,
				52D080931F7B09590064C3BF /* Release */,
			);
			defaultConfigurationIsVisible = 0;
			defaultConfigurationName = Release;
		};
		52D080941F7B09590064C3BF /* Build configuration list for PBXNativeTarget "Popular MoviesTests" */ = {
			isa = XCConfigurationList;
			buildConfigurations = (
				52D080951F7B09590064C3BF /* Debug */,
				52D080961F7B09590064C3BF /* Release */,
			);
			defaultConfigurationIsVisible = 0;
			defaultConfigurationName = Release;
		};
		52D080971F7B09590064C3BF /* Build configuration list for PBXNativeTarget "Popular MoviesUITests" */ = {
			isa = XCConfigurationList;
			buildConfigurations = (
				52D080981F7B09590064C3BF /* Debug */,
				52D080991F7B09590064C3BF /* Release */,
			);
			defaultConfigurationIsVisible = 0;
			defaultConfigurationName = Release;
		};
/* End XCConfigurationList section */

/* Begin XCVersionGroup section */
		526F1E141F9CD274007D845D /* Movie.xcdatamodeld */ = {
			isa = XCVersionGroup;
			children = (
				526F1E151F9CD274007D845D /* Movie.xcdatamodel */,
			);
			currentVersion = 526F1E151F9CD274007D845D /* Movie.xcdatamodel */;
			path = Movie.xcdatamodeld;
			sourceTree = "<group>";
			versionGroupType = wrapper.xcdatamodel;
		};
		526F1E171F9CD2FA007D845D /* TVShow.xcdatamodeld */ = {
			isa = XCVersionGroup;
			children = (
				526F1E181F9CD2FA007D845D /* TVShow.xcdatamodel */,
			);
			currentVersion = 526F1E181F9CD2FA007D845D /* TVShow.xcdatamodel */;
			path = TVShow.xcdatamodeld;
			sourceTree = "<group>";
			versionGroupType = wrapper.xcdatamodel;
		};
/* End XCVersionGroup section */
	};
	rootObject = 52D0805D1F7B09580064C3BF /* Project object */;
}
